<?xml version="1.0" encoding="utf-8"?>
<Project ToolsVersion="4.0" xmlns="http://schemas.microsoft.com/developer/msbuild/2003">
  <ItemGroup>
    <Filter Include="ソース ファイル">
      <UniqueIdentifier>{4FC737F1-C7A5-4376-A066-2A32D752A2FF}</UniqueIdentifier>
      <Extensions>cpp;c;cc;cxx;def;odl;idl;hpj;bat;asm;asmx</Extensions>
    </Filter>
    <Filter Include="ヘッダー ファイル">
      <UniqueIdentifier>{93995380-89BD-4b04-88EB-625FBE52EBFB}</UniqueIdentifier>
      <Extensions>h;hh;hpp;hxx;hm;inl;inc;ipp;xsd</Extensions>
    </Filter>
    <Filter Include="リソース ファイル">
      <UniqueIdentifier>{67DA6AB6-F800-4c08-8B7A-83BB121AAD01}</UniqueIdentifier>
      <Extensions>rc;ico;cur;bmp;dlg;rc2;rct;bin;rgs;gif;jpg;jpeg;jpe;resx;tiff;tif;png;wav;mfcribbon-ms</Extensions>
    </Filter>
    <Filter Include="ソース ファイル\shader">
      <UniqueIdentifier>{6f4bf45d-8b0e-4a68-8c13-f9336b7399a3}</UniqueIdentifier>
    </Filter>
    <Filter Include="ソース ファイル\Component">
      <UniqueIdentifier>{b57fcf96-07b2-4044-a25a-eb0a0fc7e398}</UniqueIdentifier>
    </Filter>
    <Filter Include="ソース ファイル\ImGui">
      <UniqueIdentifier>{5487e0d9-5bda-48fc-a485-52fc589366df}</UniqueIdentifier>
    </Filter>
    <Filter Include="ソース ファイル\Scene">
      <UniqueIdentifier>{20a598b3-44c2-4450-8a49-9cc08e0f4e48}</UniqueIdentifier>
    </Filter>
    <Filter Include="ソース ファイル\ImGui\myScript">
      <UniqueIdentifier>{969fe84a-2335-4043-a1f4-d8b64a3b95ba}</UniqueIdentifier>
    </Filter>
    <Filter Include="ソース ファイル\Dx11">
      <UniqueIdentifier>{86afe8e0-5741-43f8-afcf-1f77bae95601}</UniqueIdentifier>
    </Filter>
    <Filter Include="ソース ファイル\Draw">
      <UniqueIdentifier>{1017b2da-13de-49a7-be20-fd35fbd0ce1a}</UniqueIdentifier>
    </Filter>
    <Filter Include="ソース ファイル\shader\myShader">
      <UniqueIdentifier>{3c0d3df8-36cd-43ea-bc66-2bb72da197a3}</UniqueIdentifier>
    </Filter>
    <Filter Include="ソース ファイル\ImGui\3DGuizmo">
      <UniqueIdentifier>{f48ce7bf-57d1-4547-b31f-b0d47f9aa804}</UniqueIdentifier>
    </Filter>
    <Filter Include="ソース ファイル\Physx">
      <UniqueIdentifier>{e2bbbef3-1653-43f9-8ebb-155b39209595}</UniqueIdentifier>
    </Filter>
    <Filter Include="ソース ファイル\ImGui\other">
      <UniqueIdentifier>{ab0285f1-0681-4996-9829-9dc42258ff90}</UniqueIdentifier>
    </Filter>
    <Filter Include="ソース ファイル\Component\common">
      <UniqueIdentifier>{29e7bc79-4972-4e49-871d-6f2377523cd3}</UniqueIdentifier>
    </Filter>
    <Filter Include="ソース ファイル\Component\Render">
      <UniqueIdentifier>{ac41e5b7-3e4c-4918-bec7-b58b0c06946f}</UniqueIdentifier>
    </Filter>
    <Filter Include="ソース ファイル\Reflection">
      <UniqueIdentifier>{5f011db6-ebba-43c1-bcf6-9a2d80578032}</UniqueIdentifier>
    </Filter>
    <Filter Include="ソース ファイル\UnityExportModel">
      <UniqueIdentifier>{604769ee-67a6-44d3-9bd9-dc5c50bf90ea}</UniqueIdentifier>
    </Filter>
    <Filter Include="ソース ファイル\Component\Render\DefaultShape">
      <UniqueIdentifier>{aee4d018-60cd-4166-a201-cad7387e30d5}</UniqueIdentifier>
    </Filter>
    <Filter Include="ソース ファイル\Component\Render\Meshs">
      <UniqueIdentifier>{53646571-d849-43a5-8fbb-dcc9c2a1e093}</UniqueIdentifier>
    </Filter>
  </ItemGroup>
  <ItemGroup>
    <ClCompile Include="main.cpp">
      <Filter>ソース ファイル</Filter>
    </ClCompile>
    <ClCompile Include="Player.cpp">
      <Filter>ソース ファイル\Component</Filter>
    </ClCompile>
    <ClCompile Include="Scene.cpp">
      <Filter>ソース ファイル\Scene</Filter>
    </ClCompile>
    <ClCompile Include="game.cpp">
      <Filter>ソース ファイル\Scene</Filter>
    </ClCompile>
    <ClCompile Include="ImGuiControl.cpp">
      <Filter>ソース ファイル\ImGui\myScript</Filter>
    </ClCompile>
    <ClCompile Include="dx11mathutil.cpp">
      <Filter>ソース ファイル\Dx11</Filter>
    </ClCompile>
    <ClCompile Include="Shader.cpp">
      <Filter>ソース ファイル\shader</Filter>
    </ClCompile>
    <ClCompile Include="Title.cpp">
      <Filter>ソース ファイル\Scene</Filter>
    </ClCompile>
    <ClCompile Include="DDSTextureLoader.cpp">
      <Filter>ソース ファイル\Draw</Filter>
    </ClCompile>
    <ClCompile Include="WICTextureLoader.cpp">
      <Filter>ソース ファイル\Draw</Filter>
    </ClCompile>
    <ClCompile Include="imGui\ImGuizmo.cpp">
      <Filter>ソース ファイル\ImGui\3DGuizmo</Filter>
    </ClCompile>
    <ClCompile Include="imGui\ImCurveEdit.cpp">
      <Filter>ソース ファイル\ImGui\3DGuizmo</Filter>
    </ClCompile>
    <ClCompile Include="imGui\ImGradient.cpp">
      <Filter>ソース ファイル\ImGui\3DGuizmo</Filter>
    </ClCompile>
    <ClCompile Include="imGui\ImSequencer.cpp">
      <Filter>ソース ファイル\ImGui\3DGuizmo</Filter>
    </ClCompile>
    <ClCompile Include="CPhysx.cpp">
      <Filter>ソース ファイル\Physx</Filter>
    </ClCompile>
    <ClCompile Include="imGui\imgui.cpp">
      <Filter>ソース ファイル\ImGui\other</Filter>
    </ClCompile>
    <ClCompile Include="imGui\imgui_demo.cpp">
      <Filter>ソース ファイル\ImGui\other</Filter>
    </ClCompile>
    <ClCompile Include="imGui\imgui_draw.cpp">
      <Filter>ソース ファイル\ImGui\other</Filter>
    </ClCompile>
    <ClCompile Include="imGui\imgui_impl_dx11.cpp">
      <Filter>ソース ファイル\ImGui\other</Filter>
    </ClCompile>
    <ClCompile Include="imGui\imgui_impl_win32.cpp">
      <Filter>ソース ファイル\ImGui\other</Filter>
    </ClCompile>
    <ClCompile Include="imGui\imgui_widgets.cpp">
      <Filter>ソース ファイル\ImGui\other</Filter>
    </ClCompile>
    <ClCompile Include="object.cpp">
      <Filter>ソース ファイル\Component\common</Filter>
    </ClCompile>
    <ClCompile Include="Camera.cpp">
      <Filter>ソース ファイル\Component\Render</Filter>
    </ClCompile>
    <ClCompile Include="CCollider.cpp">
      <Filter>ソース ファイル\Component\common</Filter>
    </ClCompile>
    <ClCompile Include="Reflection\DynamicType.cpp">
      <Filter>ソース ファイル\Reflection</Filter>
    </ClCompile>
    <ClCompile Include="UnityExportModel.cpp">
      <Filter>ソース ファイル\UnityExportModel</Filter>
    </ClCompile>
    <ClCompile Include="MyInput8.cpp">
      <Filter>ソース ファイル\UnityExportModel</Filter>
    </ClCompile>
    <ClCompile Include="UnityExportSkinnedModel.cpp">
      <Filter>ソース ファイル\UnityExportModel</Filter>
    </ClCompile>
    <ClCompile Include="DirectX11Manager.cpp">
      <Filter>ソース ファイル\UnityExportModel</Filter>
    </ClCompile>
    <ClCompile Include="CBox.cpp">
      <Filter>ソース ファイル\Component\Render\DefaultShape</Filter>
    </ClCompile>
    <ClCompile Include="CCapsule.cpp">
      <Filter>ソース ファイル\Component\Render\DefaultShape</Filter>
    </ClCompile>
    <ClCompile Include="CSkineMeshRenderer.cpp">
      <Filter>ソース ファイル\Component\Render\Meshs</Filter>
    </ClCompile>
    <ClCompile Include="MeshRenderer.cpp">
      <Filter>ソース ファイル\Component\Render\Meshs</Filter>
    </ClCompile>
    <ClCompile Include="Sphere.cpp">
      <Filter>ソース ファイル\Component\Render\DefaultShape</Filter>
    </ClCompile>
  </ItemGroup>
  <ItemGroup>
    <ClInclude Include="Exception.h">
      <Filter>ソース ファイル</Filter>
    </ClInclude>
    <ClInclude Include="Memory.h">
      <Filter>ソース ファイル</Filter>
    </ClInclude>
    <ClInclude Include="NonCopyable.h">
      <Filter>ソース ファイル</Filter>
    </ClInclude>
    <ClInclude Include="Player.h">
      <Filter>ソース ファイル\Component</Filter>
    </ClInclude>
    <ClInclude Include="Scene.h">
      <Filter>ソース ファイル\Scene</Filter>
    </ClInclude>
    <ClInclude Include="game.h">
      <Filter>ソース ファイル\Scene</Filter>
    </ClInclude>
    <ClInclude Include="ImGuiControl.h">
      <Filter>ソース ファイル\ImGui\myScript</Filter>
    </ClInclude>
    <ClInclude Include="dx11mathutil.h">
      <Filter>ソース ファイル\Dx11</Filter>
    </ClInclude>
    <ClInclude Include="Shader.h">
      <Filter>ソース ファイル\shader</Filter>
    </ClInclude>
    <ClInclude Include="Title.h">
      <Filter>ソース ファイル\Scene</Filter>
    </ClInclude>
    <ClInclude Include="UserData.h">
      <Filter>ヘッダー ファイル</Filter>
    </ClInclude>
    <ClInclude Include="nameof.hpp">
      <Filter>ヘッダー ファイル</Filter>
    </ClInclude>
    <ClInclude Include="imGui\ImGuizmo.h">
      <Filter>ソース ファイル\ImGui\3DGuizmo</Filter>
    </ClInclude>
    <ClInclude Include="imGui\ImCurveEdit.h">
      <Filter>ソース ファイル\ImGui\3DGuizmo</Filter>
    </ClInclude>
    <ClInclude Include="imGui\ImGradient.h">
      <Filter>ソース ファイル\ImGui\3DGuizmo</Filter>
    </ClInclude>
    <ClInclude Include="imGui\ImSequencer.h">
      <Filter>ソース ファイル\ImGui\3DGuizmo</Filter>
    </ClInclude>
    <ClInclude Include="dixsmartptr.h">
      <Filter>ソース ファイル</Filter>
    </ClInclude>
    <ClInclude Include="CPhysx.h">
      <Filter>ソース ファイル\Physx</Filter>
    </ClInclude>
    <ClInclude Include="imGui\imconfig.h">
      <Filter>ソース ファイル\ImGui\other</Filter>
    </ClInclude>
    <ClInclude Include="imGui\imgui.h">
      <Filter>ソース ファイル\ImGui\other</Filter>
    </ClInclude>
    <ClInclude Include="imGui\imgui_impl_dx11.h">
      <Filter>ソース ファイル\ImGui\other</Filter>
    </ClInclude>
    <ClInclude Include="imGui\imgui_impl_win32.h">
      <Filter>ソース ファイル\ImGui\other</Filter>
    </ClInclude>
    <ClInclude Include="imGui\imgui_internal.h">
      <Filter>ソース ファイル\ImGui\other</Filter>
    </ClInclude>
    <ClInclude Include="imGui\imstb_rectpack.h">
      <Filter>ソース ファイル\ImGui\other</Filter>
    </ClInclude>
    <ClInclude Include="imGui\imstb_textedit.h">
      <Filter>ソース ファイル\ImGui\other</Filter>
    </ClInclude>
    <ClInclude Include="imGui\imstb_truetype.h">
      <Filter>ソース ファイル\ImGui\other</Filter>
    </ClInclude>
    <ClInclude Include="object.h">
      <Filter>ソース ファイル\Component\common</Filter>
    </ClInclude>
    <ClInclude Include="Camera.h">
      <Filter>ソース ファイル\Component\Render</Filter>
    </ClInclude>
    <ClInclude Include="CCollider.h">
      <Filter>ソース ファイル\Component\common</Filter>
    </ClInclude>
    <ClInclude Include="Reflection\DynamicType.hpp">
      <Filter>ソース ファイル\Reflection</Filter>
    </ClInclude>
    <ClInclude Include="Reflection\Reflection.hpp">
      <Filter>ソース ファイル\Reflection</Filter>
    </ClInclude>
    <ClInclude Include="Reflection\ReflectionAnchor.hpp">
      <Filter>ソース ファイル\Reflection</Filter>
    </ClInclude>
    <ClInclude Include="Reflection\StaticType.hpp">
      <Filter>ソース ファイル\Reflection</Filter>
    </ClInclude>
    <ClInclude Include="UnityExportModel.h">
      <Filter>ソース ファイル\UnityExportModel</Filter>
    </ClInclude>
    <ClInclude Include="DirectX11Manager.h">
      <Filter>ソース ファイル\UnityExportModel</Filter>
    </ClInclude>
    <ClInclude Include="UniExportModel.hpp">
      <Filter>ソース ファイル\UnityExportModel</Filter>
    </ClInclude>
    <ClInclude Include="MyInput8.h">
      <Filter>ソース ファイル\UnityExportModel</Filter>
    </ClInclude>
    <ClInclude Include="UnityExportSkinnedModel.h">
      <Filter>ソース ファイル\UnityExportModel</Filter>
    </ClInclude>
    <ClInclude Include="CBox.h">
      <Filter>ソース ファイル\Component\Render\DefaultShape</Filter>
    </ClInclude>
    <ClInclude Include="CCapsule.h">
      <Filter>ソース ファイル\Component\Render\DefaultShape</Filter>
    </ClInclude>
    <ClInclude Include="CSkineMeshRenderer.h">
      <Filter>ソース ファイル\Component\Render\Meshs</Filter>
    </ClInclude>
    <ClInclude Include="MeshRenderer.h">
      <Filter>ソース ファイル\Component\Render\Meshs</Filter>
    </ClInclude>
    <ClInclude Include="Sphere.h">
      <Filter>ソース ファイル\Component\Render\DefaultShape</Filter>
    </ClInclude>
    <ClInclude Include="CLight.h">
      <Filter>ソース ファイル\Component\Render</Filter>
    </ClInclude>
  </ItemGroup>
  <ItemGroup>
    <FxCompile Include="shader\3dsphereps.fx">
      <Filter>ソース ファイル\shader</Filter>
    </FxCompile>
    <FxCompile Include="shader\3dspherevs.fx">
      <Filter>ソース ファイル\shader</Filter>
    </FxCompile>
    <FxCompile Include="shader\ps.fx">
      <Filter>ソース ファイル\shader</Filter>
    </FxCompile>
    <FxCompile Include="shader\psline.fx">
      <Filter>ソース ファイル\shader</Filter>
    </FxCompile>
    <FxCompile Include="shader\psskydome.fx">
      <Filter>ソース ファイル\shader</Filter>
    </FxCompile>
    <FxCompile Include="shader\psvscommon.fx">
      <Filter>ソース ファイル\shader</Filter>
    </FxCompile>
    <FxCompile Include="shader\vs.fx">
      <Filter>ソース ファイル\shader</Filter>
    </FxCompile>
    <FxCompile Include="shader\vsline.fx">
      <Filter>ソース ファイル\shader</Filter>
    </FxCompile>
    <FxCompile Include="assets\Shaders\2DPipeLine.hlsl">
      <Filter>ソース ファイル\shader</Filter>
    </FxCompile>
    <FxCompile Include="assets\Shaders\3DPipeLine.hlsl">
      <Filter>ソース ファイル\shader</Filter>
    </FxCompile>
    <FxCompile Include="assets\Shaders\UnityExportModel.hlsl">
      <Filter>ソース ファイル\shader</Filter>
    </FxCompile>
    <FxCompile Include="assets\Shaders\UnityExportSkinnedModel.hlsl">
      <Filter>ソース ファイル\shader</Filter>
    </FxCompile>
  </ItemGroup>
  <ItemGroup>
    <None Include="Reflection\StaticType.inl">
      <Filter>ソース ファイル\Reflection</Filter>
    </None>
    <None Include="assets\Shaders\CorePBR.hlsli">
      <Filter>ソース ファイル\shader</Filter>
    </None>
    <None Include="assets\Shaders\ShaderInput.hlsli">
      <Filter>ソース ファイル\shader</Filter>
    </None>
  </ItemGroup>
</Project>